
Microsoft Visual Studio Solution File, Format Version 12.00
# Visual Studio Version 16
VisualStudioVersion = 16.0.30128.74
MinimumVisualStudioVersion = 10.0.40219.1
Project("{FAE04EC0-301F-11D3-BF4B-00C04F79EFBC}") = "MyStore.Core", "MyStore.Core\MyStore.Core.csproj", "{2204C002-1CC8-4CFB-A2C6-5D295F207512}"
EndProject
Project("{FAE04EC0-301F-11D3-BF4B-00C04F79EFBC}") = "MyStore.Services", "MyStore.Services\MyStore.Services.csproj", "{90EB8FD2-1208-4578-96AC-77F1468279C6}"
EndProject
Project("{FAE04EC0-301F-11D3-BF4B-00C04F79EFBC}") = "MyStore.DataAccess.SQL", "MyStore.DataAccess.SQL\MyStore.DataAccess.SQL.csproj", "{B8010430-8785-4CC1-A323-5D5C152D4253}"
EndProject
Project("{FAE04EC0-301F-11D3-BF4B-00C04F79EFBC}") = "MyStore.DataAccess.InMemory", "MyStore.DataAccess.InMemory\MyStore.DataAccess.InMemory.csproj", "{ABA12A01-A6D7-462B-A3A4-97FA1E065418}"
EndProject
Project("{FAE04EC0-301F-11D3-BF4B-00C04F79EFBC}") = "MyStore.WebUI", "MyStore.WebUI\MyStore.WebUI.csproj", "{3DED66BB-014D-4D2D-9BDC-46F009636CD8}"
EndProject
Project("{FAE04EC0-301F-11D3-BF4B-00C04F79EFBC}") = "MyStore.WebUI.Tests", "MyStore.WebUI.Tests\MyStore.WebUI.Tests.csproj", "{6C7192D3-C334-4C93-A589-C2091B8BED2E}"
EndProject
Global
	GlobalSection(SolutionConfigurationPlatforms) = preSolution
		Debug|Any CPU = Debug|Any CPU
		Release|Any CPU = Release|Any CPU
	EndGlobalSection
	GlobalSection(ProjectConfigurationPlatforms) = postSolution
		{2204C002-1CC8-4CFB-A2C6-5D295F207512}.Debug|Any CPU.ActiveCfg = Debug|Any CPU
		{2204C002-1CC8-4CFB-A2C6-5D295F207512}.Debug|Any CPU.Build.0 = Debug|Any CPU
		{2204C002-1CC8-4CFB-A2C6-5D295F207512}.Release|Any CPU.ActiveCfg = Release|Any CPU
		{2204C002-1CC8-4CFB-A2C6-5D295F207512}.Release|Any CPU.Build.0 = Release|Any CPU
		{90EB8FD2-1208-4578-96AC-77F1468279C6}.Debug|Any CPU.ActiveCfg = Debug|Any CPU
		{90EB8FD2-1208-4578-96AC-77F1468279C6}.Debug|Any CPU.Build.0 = Debug|Any CPU
		{90EB8FD2-1208-4578-96AC-77F1468279C6}.Release|Any CPU.ActiveCfg = Release|Any CPU
		{90EB8FD2-1208-4578-96AC-77F1468279C6}.Release|Any CPU.Build.0 = Release|Any CPU
		{B8010430-8785-4CC1-A323-5D5C152D4253}.Debug|Any CPU.ActiveCfg = Debug|Any CPU
		{B8010430-8785-4CC1-A323-5D5C152D4253}.Debug|Any CPU.Build.0 = Debug|Any CPU
		{B8010430-8785-4CC1-A323-5D5C152D4253}.Release|Any CPU.ActiveCfg = Release|Any CPU
		{B8010430-8785-4CC1-A323-5D5C152D4253}.Release|Any CPU.Build.0 = Release|Any CPU
		{ABA12A01-A6D7-462B-A3A4-97FA1E065418}.Debug|Any CPU.ActiveCfg = Debug|Any CPU
		{ABA12A01-A6D7-462B-A3A4-97FA1E065418}.Debug|Any CPU.Build.0 = Debug|Any CPU
		{ABA12A01-A6D7-462B-A3A4-97FA1E065418}.Release|Any CPU.ActiveCfg = Release|Any CPU
		{ABA12A01-A6D7-462B-A3A4-97FA1E065418}.Release|Any CPU.Build.0 = Release|Any CPU
		{3DED66BB-014D-4D2D-9BDC-46F009636CD8}.Debug|Any CPU.ActiveCfg = Debug|Any CPU
		{3DED66BB-014D-4D2D-9BDC-46F009636CD8}.Debug|Any CPU.Build.0 = Debug|Any CPU
		{3DED66BB-014D-4D2D-9BDC-46F009636CD8}.Release|Any CPU.ActiveCfg = Release|Any CPU
		{3DED66BB-014D-4D2D-9BDC-46F009636CD8}.Release|Any CPU.Build.0 = Release|Any CPU
		{6C7192D3-C334-4C93-A589-C2091B8BED2E}.Debug|Any CPU.ActiveCfg = Debug|Any CPU
		{6C7192D3-C334-4C93-A589-C2091B8BED2E}.Debug|Any CPU.Build.0 = Debug|Any CPU
		{6C7192D3-C334-4C93-A589-C2091B8BED2E}.Release|Any CPU.ActiveCfg = Release|Any CPU
		{6C7192D3-C334-4C93-A589-C2091B8BED2E}.Release|Any CPU.Build.0 = Release|Any CPU
	EndGlobalSection
	GlobalSection(SolutionProperties) = preSolution
		HideSolutionNode = FALSE
	EndGlobalSection
	GlobalSection(ExtensibilityGlobals) = postSolution
		SolutionGuid = {D1F5C947-3413-4F33-A73B-EC950D916FC3}
	EndGlobalSection
EndGlobal
